// !$*UTF8*$!
{
	archiveVersion = 1;
	classes = {
	};
	objectVersion = 51;
	objects = {

/* Begin PBXBuildFile section */
		0F181C05247D127800C2FDC1 /* ETCViewController.swift in Sources */ = {isa = PBXBuildFile; fileRef = 0F181C04247D127800C2FDC1 /* ETCViewController.swift */; };
		0F439A512456F27C00E15417 /* GoogleService-Info.plist in Resources */ = {isa = PBXBuildFile; fileRef = 0F439A502456F27C00E15417 /* GoogleService-Info.plist */; };
		0FA360BA24629115006A2073 /* GitHubCollectionViewCell.swift in Sources */ = {isa = PBXBuildFile; fileRef = 0FA360B424629113006A2073 /* GitHubCollectionViewCell.swift */; };
		0FA360BB24629115006A2073 /* GithubViewController.swift in Sources */ = {isa = PBXBuildFile; fileRef = 0FA360B524629114006A2073 /* GithubViewController.swift */; };
		0FA360BC24629115006A2073 /* GitHubModel.swift in Sources */ = {isa = PBXBuildFile; fileRef = 0FA360B624629114006A2073 /* GitHubModel.swift */; };
		0FA360BE24629115006A2073 /* Common.swift in Sources */ = {isa = PBXBuildFile; fileRef = 0FA360B824629114006A2073 /* Common.swift */; };
		0FA360BF24629115006A2073 /* CollectionViewController.swift in Sources */ = {isa = PBXBuildFile; fileRef = 0FA360B924629115006A2073 /* CollectionViewController.swift */; };
		0FF4C59E2456A7020034BB80 /* AppDelegate.swift in Sources */ = {isa = PBXBuildFile; fileRef = 0FF4C59D2456A7020034BB80 /* AppDelegate.swift */; };
		0FF4C5A02456A7020034BB80 /* ViewController.swift in Sources */ = {isa = PBXBuildFile; fileRef = 0FF4C59F2456A7020034BB80 /* ViewController.swift */; };
		0FF4C5A32456A7020034BB80 /* Main.storyboard in Resources */ = {isa = PBXBuildFile; fileRef = 0FF4C5A12456A7020034BB80 /* Main.storyboard */; };
		0FF4C5A52456A7050034BB80 /* Assets.xcassets in Resources */ = {isa = PBXBuildFile; fileRef = 0FF4C5A42456A7050034BB80 /* Assets.xcassets */; };
		0FF4C5A82456A7050034BB80 /* LaunchScreen.storyboard in Resources */ = {isa = PBXBuildFile; fileRef = 0FF4C5A62456A7050034BB80 /* LaunchScreen.storyboard */; };
		0FF4C5B02456A8400034BB80 /* SignInViewController.swift in Sources */ = {isa = PBXBuildFile; fileRef = 0FF4C5AF2456A8400034BB80 /* SignInViewController.swift */; };
		0FF4C5B22456AAB80034BB80 /* SignUpViewController.swift in Sources */ = {isa = PBXBuildFile; fileRef = 0FF4C5B12456AAB80034BB80 /* SignUpViewController.swift */; };
		0FF884A62549591300733CBC /* UserDTO.swift in Sources */ = {isa = PBXBuildFile; fileRef = 0FF884A52549591300733CBC /* UserDTO.swift */; };
		0FF884A8254A49EE00733CBC /* GitHubSafariViewController.swift in Sources */ = {isa = PBXBuildFile; fileRef = 0FF884A7254A49EE00733CBC /* GitHubSafariViewController.swift */; };
		CA0BCF448267AC38840FB2B4 /* Pods_IVIS.framework in Frameworks */ = {isa = PBXBuildFile; fileRef = E4A3E83CEEE0BBF5C2BF9FF0 /* Pods_IVIS.framework */; };
/* End PBXBuildFile section */

/* Begin PBXFileReference section */
		0F181C04247D127800C2FDC1 /* ETCViewController.swift */ = {isa = PBXFileReference; lastKnownFileType = sourcecode.swift; path = ETCViewController.swift; sourceTree = "<group>"; };
		0F439A502456F27C00E15417 /* GoogleService-Info.plist */ = {isa = PBXFileReference; fileEncoding = 4; lastKnownFileType = text.plist.xml; path = "GoogleService-Info.plist"; sourceTree = "<group>"; };
		0FA360B424629113006A2073 /* GitHubCollectionViewCell.swift */ = {isa = PBXFileReference; fileEncoding = 4; lastKnownFileType = sourcecode.swift; path = GitHubCollectionViewCell.swift; sourceTree = "<group>"; };
		0FA360B524629114006A2073 /* GithubViewController.swift */ = {isa = PBXFileReference; fileEncoding = 4; lastKnownFileType = sourcecode.swift; path = GithubViewController.swift; sourceTree = "<group>"; };
		0FA360B624629114006A2073 /* GitHubModel.swift */ = {isa = PBXFileReference; fileEncoding = 4; lastKnownFileType = sourcecode.swift; path = GitHubModel.swift; sourceTree = "<group>"; };
		0FA360B824629114006A2073 /* Common.swift */ = {isa = PBXFileReference; fileEncoding = 4; lastKnownFileType = sourcecode.swift; path = Common.swift; sourceTree = "<group>"; };
		0FA360B924629115006A2073 /* CollectionViewController.swift */ = {isa = PBXFileReference; fileEncoding = 4; lastKnownFileType = sourcecode.swift; path = CollectionViewController.swift; sourceTree = "<group>"; };
		0FF4C59A2456A7020034BB80 /* IVIS.app */ = {isa = PBXFileReference; explicitFileType = wrapper.application; includeInIndex = 0; path = IVIS.app; sourceTree = BUILT_PRODUCTS_DIR; };
		0FF4C59D2456A7020034BB80 /* AppDelegate.swift */ = {isa = PBXFileReference; lastKnownFileType = sourcecode.swift; path = AppDelegate.swift; sourceTree = "<group>"; };
		0FF4C59F2456A7020034BB80 /* ViewController.swift */ = {isa = PBXFileReference; lastKnownFileType = sourcecode.swift; path = ViewController.swift; sourceTree = "<group>"; };
		0FF4C5A22456A7020034BB80 /* Base */ = {isa = PBXFileReference; lastKnownFileType = file.storyboard; name = Base; path = Base.lproj/Main.storyboard; sourceTree = "<group>"; };
		0FF4C5A42456A7050034BB80 /* Assets.xcassets */ = {isa = PBXFileReference; lastKnownFileType = folder.assetcatalog; path = Assets.xcassets; sourceTree = "<group>"; };
		0FF4C5A72456A7050034BB80 /* Base */ = {isa = PBXFileReference; lastKnownFileType = file.storyboard; name = Base; path = Base.lproj/LaunchScreen.storyboard; sourceTree = "<group>"; };
		0FF4C5A92456A7050034BB80 /* Info.plist */ = {isa = PBXFileReference; lastKnownFileType = text.plist.xml; path = Info.plist; sourceTree = "<group>"; };
		0FF4C5AF2456A8400034BB80 /* SignInViewController.swift */ = {isa = PBXFileReference; lastKnownFileType = sourcecode.swift; path = SignInViewController.swift; sourceTree = "<group>"; };
		0FF4C5B12456AAB80034BB80 /* SignUpViewController.swift */ = {isa = PBXFileReference; lastKnownFileType = sourcecode.swift; path = SignUpViewController.swift; sourceTree = "<group>"; };
		0FF884A52549591300733CBC /* UserDTO.swift */ = {isa = PBXFileReference; lastKnownFileType = sourcecode.swift; path = UserDTO.swift; sourceTree = "<group>"; };
		0FF884A7254A49EE00733CBC /* GitHubSafariViewController.swift */ = {isa = PBXFileReference; lastKnownFileType = sourcecode.swift; path = GitHubSafariViewController.swift; sourceTree = "<group>"; };
		2B48C6E3F81A925F1BC01195 /* Pods-IVIS.debug.xcconfig */ = {isa = PBXFileReference; includeInIndex = 1; lastKnownFileType = text.xcconfig; name = "Pods-IVIS.debug.xcconfig"; path = "Target Support Files/Pods-IVIS/Pods-IVIS.debug.xcconfig"; sourceTree = "<group>"; };
		E4A3E83CEEE0BBF5C2BF9FF0 /* Pods_IVIS.framework */ = {isa = PBXFileReference; explicitFileType = wrapper.framework; includeInIndex = 0; path = Pods_IVIS.framework; sourceTree = BUILT_PRODUCTS_DIR; };
		F3974B0641ADEF02E227B6C0 /* Pods-IVIS.release.xcconfig */ = {isa = PBXFileReference; includeInIndex = 1; lastKnownFileType = text.xcconfig; name = "Pods-IVIS.release.xcconfig"; path = "Target Support Files/Pods-IVIS/Pods-IVIS.release.xcconfig"; sourceTree = "<group>"; };
/* End PBXFileReference section */

/* Begin PBXFrameworksBuildPhase section */
		0FF4C5972456A7020034BB80 /* Frameworks */ = {
			isa = PBXFrameworksBuildPhase;
			buildActionMask = 2147483647;
			files = (
				CA0BCF448267AC38840FB2B4 /* Pods_IVIS.framework in Frameworks */,
			);
			runOnlyForDeploymentPostprocessing = 0;
		};
/* End PBXFrameworksBuildPhase section */

/* Begin PBXGroup section */
		0FA653FB149D1207CC855015 /* Pods */ = {
			isa = PBXGroup;
			children = (
				2B48C6E3F81A925F1BC01195 /* Pods-IVIS.debug.xcconfig */,
				F3974B0641ADEF02E227B6C0 /* Pods-IVIS.release.xcconfig */,
			);
			path = Pods;
			sourceTree = "<group>";
		};
		0FF4C5912456A7010034BB80 = {
			isa = PBXGroup;
			children = (
				0FF4C59C2456A7020034BB80 /* IVIS */,
				0FF4C59B2456A7020034BB80 /* Products */,
				0FA653FB149D1207CC855015 /* Pods */,
				A08AB9F4FF342ABDC92C7EFA /* Frameworks */,
			);
			sourceTree = "<group>";
		};
		0FF4C59B2456A7020034BB80 /* Products */ = {
			isa = PBXGroup;
			children = (
				0FF4C59A2456A7020034BB80 /* IVIS.app */,
			);
			name = Products;
			sourceTree = "<group>";
		};
		0FF4C59C2456A7020034BB80 /* IVIS */ = {
			isa = PBXGroup;
			children = (
				0FA360B924629115006A2073 /* CollectionViewController.swift */,
				0FA360B824629114006A2073 /* Common.swift */,
				0FA360B424629113006A2073 /* GitHubCollectionViewCell.swift */,
				0FA360B624629114006A2073 /* GitHubModel.swift */,
				0FA360B524629114006A2073 /* GithubViewController.swift */,
				0FF4C59D2456A7020034BB80 /* AppDelegate.swift */,
				0FF4C59F2456A7020034BB80 /* ViewController.swift */,
				0FF4C5A12456A7020034BB80 /* Main.storyboard */,
				0FF4C5A42456A7050034BB80 /* Assets.xcassets */,
				0FF4C5A62456A7050034BB80 /* LaunchScreen.storyboard */,
				0FF4C5A92456A7050034BB80 /* Info.plist */,
				0FF4C5AF2456A8400034BB80 /* SignInViewController.swift */,
				0FF4C5B12456AAB80034BB80 /* SignUpViewController.swift */,
				0F439A502456F27C00E15417 /* GoogleService-Info.plist */,
				0F181C04247D127800C2FDC1 /* ETCViewController.swift */,
				0FF884A52549591300733CBC /* UserDTO.swift */,
				0FF884A7254A49EE00733CBC /* GitHubSafariViewController.swift */,
			);
			path = IVIS;
			sourceTree = "<group>";
		};
		A08AB9F4FF342ABDC92C7EFA /* Frameworks */ = {
			isa = PBXGroup;
			children = (
				E4A3E83CEEE0BBF5C2BF9FF0 /* Pods_IVIS.framework */,
			);
			name = Frameworks;
			sourceTree = "<group>";
		};
/* End PBXGroup section */

/* Begin PBXNativeTarget section */
		0FF4C5992456A7020034BB80 /* IVIS */ = {
			isa = PBXNativeTarget;
			buildConfigurationList = 0FF4C5AC2456A7050034BB80 /* Build configuration list for PBXNativeTarget "IVIS" */;
			buildPhases = (
				96CFD72EAEC42BF5C93FA495 /* [CP] Check Pods Manifest.lock */,
				0FF4C5962456A7020034BB80 /* Sources */,
				0FF4C5972456A7020034BB80 /* Frameworks */,
				0FF4C5982456A7020034BB80 /* Resources */,
				5621D1A6491599856FA04D9B /* [CP] Embed Pods Frameworks */,
				DC6F7EEAFF3E5B8E0B5671EB /* [CP] Copy Pods Resources */,
			);
			buildRules = (
			);
			dependencies = (
			);
			name = IVIS;
			productName = IVIS;
			productReference = 0FF4C59A2456A7020034BB80 /* IVIS.app */;
			productType = "com.apple.product-type.application";
		};
/* End PBXNativeTarget section */

/* Begin PBXProject section */
		0FF4C5922456A7010034BB80 /* Project object */ = {
			isa = PBXProject;
			attributes = {
				LastSwiftUpdateCheck = 1020;
				LastUpgradeCheck = 1020;
				ORGANIZATIONNAME = dionkim;
				TargetAttributes = {
					0FF4C5992456A7020034BB80 = {
						CreatedOnToolsVersion = 10.2.1;
					};
				};
			};
			buildConfigurationList = 0FF4C5952456A7010034BB80 /* Build configuration list for PBXProject "IVIS" */;
			compatibilityVersion = "Xcode 9.3";
			developmentRegion = en;
			hasScannedForEncodings = 0;
			knownRegions = (
				en,
				Base,
			);
			mainGroup = 0FF4C5912456A7010034BB80;
			productRefGroup = 0FF4C59B2456A7020034BB80 /* Products */;
			projectDirPath = "";
			projectRoot = "";
			targets = (
				0FF4C5992456A7020034BB80 /* IVIS */,
			);
		};
/* End PBXProject section */

/* Begin PBXResourcesBuildPhase section */
		0FF4C5982456A7020034BB80 /* Resources */ = {
			isa = PBXResourcesBuildPhase;
			buildActionMask = 2147483647;
			files = (
				0FF4C5A82456A7050034BB80 /* LaunchScreen.storyboard in Resources */,
				0F439A512456F27C00E15417 /* GoogleService-Info.plist in Resources */,
				0FF4C5A52456A7050034BB80 /* Assets.xcassets in Resources */,
				0FF4C5A32456A7020034BB80 /* Main.storyboard in Resources */,
			);
			runOnlyForDeploymentPostprocessing = 0;
		};
/* End PBXResourcesBuildPhase section */

/* Begin PBXShellScriptBuildPhase section */
		5621D1A6491599856FA04D9B /* [CP] Embed Pods Frameworks */ = {
			isa = PBXShellScriptBuildPhase;
			buildActionMask = 2147483647;
			files = (
			);
			inputFileListPaths = (
				"${PODS_ROOT}/Target Support Files/Pods-IVIS/Pods-IVIS-frameworks-${CONFIGURATION}-input-files.xcfilelist",
			);
			name = "[CP] Embed Pods Frameworks";
			outputFileListPaths = (
				"${PODS_ROOT}/Target Support Files/Pods-IVIS/Pods-IVIS-frameworks-${CONFIGURATION}-output-files.xcfilelist",
			);
			runOnlyForDeploymentPostprocessing = 0;
			shellPath = /bin/sh;
			shellScript = "\"${PODS_ROOT}/Target Support Files/Pods-IVIS/Pods-IVIS-frameworks.sh\"\n";
			showEnvVarsInLog = 0;
		};
		96CFD72EAEC42BF5C93FA495 /* [CP] Check Pods Manifest.lock */ = {
			isa = PBXShellScriptBuildPhase;
			buildActionMask = 2147483647;
			files = (
			);
			inputFileListPaths = (
			);
			inputPaths = (
				"${PODS_PODFILE_DIR_PATH}/Podfile.lock",
				"${PODS_ROOT}/Manifest.lock",
			);
			name = "[CP] Check Pods Manifest.lock";
			outputFileListPaths = (
			);
			outputPaths = (
				"$(DERIVED_FILE_DIR)/Pods-IVIS-checkManifestLockResult.txt",
			);
			runOnlyForDeploymentPostprocessing = 0;
			shellPath = /bin/sh;
			shellScript = "diff \"${PODS_PODFILE_DIR_PATH}/Podfile.lock\" \"${PODS_ROOT}/Manifest.lock\" > /dev/null\nif [ $? != 0 ] ; then\n    # print error to STDERR\n    echo \"error: The sandbox is not in sync with the Podfile.lock. Run 'pod install' or update your CocoaPods installation.\" >&2\n    exit 1\nfi\n# This output is used by Xcode 'outputs' to avoid re-running this script phase.\necho \"SUCCESS\" > \"${SCRIPT_OUTPUT_FILE_0}\"\n";
			showEnvVarsInLog = 0;
		};
		DC6F7EEAFF3E5B8E0B5671EB /* [CP] Copy Pods Resources */ = {
			isa = PBXShellScriptBuildPhase;
			buildActionMask = 2147483647;
			files = (
			);
			inputFileListPaths = (
				"${PODS_ROOT}/Target Support Files/Pods-IVIS/Pods-IVIS-resources-${CONFIGURATION}-input-files.xcfilelist",
			);
			name = "[CP] Copy Pods Resources";
			outputFileListPaths = (
				"${PODS_ROOT}/Target Support Files/Pods-IVIS/Pods-IVIS-resources-${CONFIGURATION}-output-files.xcfilelist",
			);
			runOnlyForDeploymentPostprocessing = 0;
			shellPath = /bin/sh;
			shellScript = "\"${PODS_ROOT}/Target Support Files/Pods-IVIS/Pods-IVIS-resources.sh\"\n";
			showEnvVarsInLog = 0;
		};
/* End PBXShellScriptBuildPhase section */

/* Begin PBXSourcesBuildPhase section */
		0FF4C5962456A7020034BB80 /* Sources */ = {
			isa = PBXSourcesBuildPhase;
			buildActionMask = 2147483647;
			files = (
				0F181C05247D127800C2FDC1 /* ETCViewController.swift in Sources */,
				0FF4C5A02456A7020034BB80 /* ViewController.swift in Sources */,
				0FF4C59E2456A7020034BB80 /* AppDelegate.swift in Sources */,
				0FF4C5B22456AAB80034BB80 /* SignUpViewController.swift in Sources */,
				0FA360BB24629115006A2073 /* GithubViewController.swift in Sources */,
				0FA360BF24629115006A2073 /* CollectionViewController.swift in Sources */,
				0FF884A62549591300733CBC /* UserDTO.swift in Sources */,
				0FA360BE24629115006A2073 /* Common.swift in Sources */,
				0FA360BC24629115006A2073 /* GitHubModel.swift in Sources */,
				0FA360BA24629115006A2073 /* GitHubCollectionViewCell.swift in Sources */,
				0FF884A8254A49EE00733CBC /* GitHubSafariViewController.swift in Sources */,
				0FF4C5B02456A8400034BB80 /* SignInViewController.swift in Sources */,
			);
			runOnlyForDeploymentPostprocessing = 0;
		};
/* End PBXSourcesBuildPhase section */

/* Begin PBXVariantGroup section */
		0FF4C5A12456A7020034BB80 /* Main.storyboard */ = {
			isa = PBXVariantGroup;
			children = (
				0FF4C5A22456A7020034BB80 /* Base */,
			);
			name = Main.storyboard;
			sourceTree = "<group>";
		};
		0FF4C5A62456A7050034BB80 /* LaunchScreen.storyboard */ = {
			isa = PBXVariantGroup;
			children = (
				0FF4C5A72456A7050034BB80 /* Base */,
			);
			name = LaunchScreen.storyboard;
			sourceTree = "<group>";
		};
/* End PBXVariantGroup section */

/* Begin XCBuildConfiguration section */
		0FF4C5AA2456A7050034BB80 /* Debug */ = {
			isa = XCBuildConfiguration;
			buildSettings = {
				ALWAYS_SEARCH_USER_PATHS = NO;
				CLANG_ANALYZER_NONNULL = YES;
				CLANG_ANALYZER_NUMBER_OBJECT_CONVERSION = YES_AGGRESSIVE;
				CLANG_CXX_LANGUAGE_STANDARD = "gnu++14";
				CLANG_CXX_LIBRARY = "libc++";
				CLANG_ENABLE_MODULES = YES;
				CLANG_ENABLE_OBJC_ARC = YES;
				CLANG_ENABLE_OBJC_WEAK = YES;
				CLANG_WARN_BLOCK_CAPTURE_AUTORELEASING = YES;
				CLANG_WARN_BOOL_CONVERSION = YES;
				CLANG_WARN_COMMA = YES;
				CLANG_WARN_CONSTANT_CONVERSION = YES;
				CLANG_WARN_DEPRECATED_OBJC_IMPLEMENTATIONS = YES;
				CLANG_WARN_DIRECT_OBJC_ISA_USAGE = YES_ERROR;
				CLANG_WARN_DOCUMENTATION_COMMENTS = YES;
				CLANG_WARN_EMPTY_BODY = YES;
				CLANG_WARN_ENUM_CONVERSION = YES;
				CLANG_WARN_INFINITE_RECURSION = YES;
				CLANG_WARN_INT_CONVERSION = YES;
				CLANG_WARN_NON_LITERAL_NULL_CONVERSION = YES;
				CLANG_WARN_OBJC_IMPLICIT_RETAIN_SELF = YES;
				CLANG_WARN_OBJC_LITERAL_CONVERSION = YES;
				CLANG_WARN_OBJC_ROOT_CLASS = YES_ERROR;
				CLANG_WARN_RANGE_LOOP_ANALYSIS = YES;
				CLANG_WARN_STRICT_PROTOTYPES = YES;
				CLANG_WARN_SUSPICIOUS_MOVE = YES;
				CLANG_WARN_UNGUARDED_AVAILABILITY = YES_AGGRESSIVE;
				CLANG_WARN_UNREACHABLE_CODE = YES;
				CLANG_WARN__DUPLICATE_METHOD_MATCH = YES;
				CODE_SIGN_IDENTITY = "iPhone Developer";
				COPY_PHASE_STRIP = NO;
				DEBUG_INFORMATION_FORMAT = dwarf;
				ENABLE_STRICT_OBJC_MSGSEND = YES;
				ENABLE_TESTABILITY = YES;
				GCC_C_LANGUAGE_STANDARD = gnu11;
				GCC_DYNAMIC_NO_PIC = NO;
				GCC_NO_COMMON_BLOCKS = YES;
				GCC_OPTIMIZATION_LEVEL = 0;
				GCC_PREPROCESSOR_DEFINITIONS = (
					"DEBUG=1",
					"$(inherited)",
				);
				GCC_WARN_64_TO_32_BIT_CONVERSION = YES;
				GCC_WARN_ABOUT_RETURN_TYPE = YES_ERROR;
				GCC_WARN_UNDECLARED_SELECTOR = YES;
				GCC_WARN_UNINITIALIZED_AUTOS = YES_AGGRESSIVE;
				GCC_WARN_UNUSED_FUNCTION = YES;
				GCC_WARN_UNUSED_VARIABLE = YES;
				IPHONEOS_DEPLOYMENT_TARGET = 12.2;
				MTL_ENABLE_DEBUG_INFO = INCLUDE_SOURCE;
				MTL_FAST_MATH = YES;
				ONLY_ACTIVE_ARCH = YES;
				SDKROOT = iphoneos;
				SWIFT_ACTIVE_COMPILATION_CONDITIONS = DEBUG;
				SWIFT_OPTIMIZATION_LEVEL = "-Onone";
			};
			name = Debug;
		};
		0FF4C5AB2456A7050034BB80 /* Release */ = {
			isa = XCBuildConfiguration;
			buildSettings = {
				ALWAYS_SEARCH_USER_PATHS = NO;
				CLANG_ANALYZER_NONNULL = YES;
				CLANG_ANALYZER_NUMBER_OBJECT_CONVERSION = YES_AGGRESSIVE;
				CLANG_CXX_LANGUAGE_STANDARD = "gnu++14";
				CLANG_CXX_LIBRARY = "libc++";
				CLANG_ENABLE_MODULES = YES;
				CLANG_ENABLE_OBJC_ARC = YES;
				CLANG_ENABLE_OBJC_WEAK = YES;
				CLANG_WARN_BLOCK_CAPTURE_AUTORELEASING = YES;
				CLANG_WARN_BOOL_CONVERSION = YES;
				CLANG_WARN_COMMA = YES;
				CLANG_WARN_CONSTANT_CONVERSION = YES;
				CLANG_WARN_DEPRECATED_OBJC_IMPLEMENTATIONS = YES;
				CLANG_WARN_DIRECT_OBJC_ISA_USAGE = YES_ERROR;
				CLANG_WARN_DOCUMENTATION_COMMENTS = YES;
				CLANG_WARN_EMPTY_BODY = YES;
				CLANG_WARN_ENUM_CONVERSION = YES;
				CLANG_WARN_INFINITE_RECURSION = YES;
				CLANG_WARN_INT_CONVERSION = YES;
				CLANG_WARN_NON_LITERAL_NULL_CONVERSION = YES;
				CLANG_WARN_OBJC_IMPLICIT_RETAIN_SELF = YES;
				CLANG_WARN_OBJC_LITERAL_CONVERSION = YES;
				CLANG_WARN_OBJC_ROOT_CLASS = YES_ERROR;
				CLANG_WARN_RANGE_LOOP_ANALYSIS = YES;
				CLANG_WARN_STRICT_PROTOTYPES = YES;
				CLANG_WARN_SUSPICIOUS_MOVE = YES;
				CLANG_WARN_UNGUARDED_AVAILABILITY = YES_AGGRESSIVE;
				CLANG_WARN_UNREACHABLE_CODE = YES;
				CLANG_WARN__DUPLICATE_METHOD_MATCH = YES;
				CODE_SIGN_IDENTITY = "iPhone Developer";
				COPY_PHASE_STRIP = NO;
				DEBUG_INFORMATION_FORMAT = "dwarf-with-dsym";
				ENABLE_NS_ASSERTIONS = NO;
				ENABLE_STRICT_OBJC_MSGSEND = YES;
				GCC_C_LANGUAGE_STANDARD = gnu11;
				GCC_NO_COMMON_BLOCKS = YES;
				GCC_WARN_64_TO_32_BIT_CONVERSION = YES;
				GCC_WARN_ABOUT_RETURN_TYPE = YES_ERROR;
				GCC_WARN_UNDECLARED_SELECTOR = YES;
				GCC_WARN_UNINITIALIZED_AUTOS = YES_AGGRESSIVE;
				GCC_WARN_UNUSED_FUNCTION = YES;
				GCC_WARN_UNUSED_VARIABLE = YES;
				IPHONEOS_DEPLOYMENT_TARGET = 12.2;
				MTL_ENABLE_DEBUG_INFO = NO;
				MTL_FAST_MATH = YES;
				SDKROOT = iphoneos;
				SWIFT_COMPILATION_MODE = wholemodule;
				SWIFT_OPTIMIZATION_LEVEL = "-O";
				VALIDATE_PRODUCT = YES;
			};
			name = Release;
		};
		0FF4C5AD2456A7050034BB80 /* Debug */ = {
			isa = XCBuildConfiguration;
			baseConfigurationReference = 2B48C6E3F81A925F1BC01195 /* Pods-IVIS.debug.xcconfig */;
			buildSettings = {
				ASSETCATALOG_COMPILER_APPICON_NAME = AppIcon;
				CODE_SIGN_STYLE = Automatic;
				INFOPLIST_FILE = IVIS/Info.plist;
				LD_RUNPATH_SEARCH_PATHS = (
					"$(inherited)",
					"@executable_path/Frameworks",
				);
				PRODUCT_BUNDLE_IDENTIFIER = dionkim.IVIS;
				PRODUCT_NAME = "$(TARGET_NAME)";
				SWIFT_VERSION = 5.0;
				TARGETED_DEVICE_FAMILY = "1,2";
			};
			name = Debug;
		};
		0FF4C5AE2456A7050034BB80 /* Release */ = {
			isa = XCBuildConfiguration;
			baseConfigurationReference = F3974B0641ADEF02E227B6C0 /* Pods-IVIS.release.xcconfig */;
			buildSettings = {
				ASSETCATALOG_COMPILER_APPICON_NAME = AppIcon;
				CODE_SIGN_STYLE = Automatic;
				INFOPLIST_FILE = IVIS/Info.plist;
				LD_RUNPATH_SEARCH_PATHS = (
					"$(inherited)",
					"@executable_path/Frameworks",
				);
				PRODUCT_BUNDLE_IDENTIFIER = dionkim.IVIS;
				PRODUCT_NAME = "$(TARGET_NAME)";
				SWIFT_VERSION = 5.0;
				TARGETED_DEVICE_FAMILY = "1,2";
			};
			name = Release;
		};
/* End XCBuildConfiguration section */

/* Begin XCConfigurationList section */
		0FF4C5952456A7010034BB80 /* Build configuration list for PBXProject "IVIS" */ = {
			isa = XCConfigurationList;
			buildConfigurations = (
				0FF4C5AA2456A7050034BB80 /* Debug */,
				0FF4C5AB2456A7050034BB80 /* Release */,
			);
			defaultConfigurationIsVisible = 0;
			defaultConfigurationName = Release;
		};
		0FF4C5AC2456A7050034BB80 /* Build configuration list for PBXNativeTarget "IVIS" */ = {
			isa = XCConfigurationList;
			buildConfigurations = (
				0FF4C5AD2456A7050034BB80 /* Debug */,
				0FF4C5AE2456A7050034BB80 /* Release */,
			);
			defaultConfigurationIsVisible = 0;
			defaultConfigurationName = Release;
		};
/* End XCConfigurationList section */
	};
	rootObject = 0FF4C5922456A7010034BB80 /* Project object */;
}
